// !$*UTF8*$!
{
	archiveVersion = 1;
	classes = {
	};
	objectVersion = 46;
	objects = {

/* Begin PBXBuildFile section */
		934A83061EF0DB16003FE06A /* AppDelegate.swift in Sources */ = {isa = PBXBuildFile; fileRef = 934A83051EF0DB16003FE06A /* AppDelegate.swift */; };
		934A83081EF0DB16003FE06A /* ViewController.swift in Sources */ = {isa = PBXBuildFile; fileRef = 934A83071EF0DB16003FE06A /* ViewController.swift */; };
		934A830B1EF0DB16003FE06A /* Main.storyboard in Resources */ = {isa = PBXBuildFile; fileRef = 934A83091EF0DB16003FE06A /* Main.storyboard */; };
		934A830D1EF0DB16003FE06A /* Assets.xcassets in Resources */ = {isa = PBXBuildFile; fileRef = 934A830C1EF0DB16003FE06A /* Assets.xcassets */; };
		934A83101EF0DB16003FE06A /* LaunchScreen.storyboard in Resources */ = {isa = PBXBuildFile; fileRef = 934A830E1EF0DB16003FE06A /* LaunchScreen.storyboard */; };
		934A831C1EF0DE0E003FE06A /* BubbleView.swift in Sources */ = {isa = PBXBuildFile; fileRef = 934A831B1EF0DE0E003FE06A /* BubbleView.swift */; };
/* End PBXBuildFile section */

/* Begin PBXFileReference section */
		934A83021EF0DB16003FE06A /* CoachMarksExample.app */ = {isa = PBXFileReference; explicitFileType = wrapper.application; includeInIndex = 0; path = CoachMarksExample.app; sourceTree = BUILT_PRODUCTS_DIR; };
		934A83051EF0DB16003FE06A /* AppDelegate.swift */ = {isa = PBXFileReference; lastKnownFileType = sourcecode.swift; path = AppDelegate.swift; sourceTree = "<group>"; };
		934A83071EF0DB16003FE06A /* ViewController.swift */ = {isa = PBXFileReference; lastKnownFileType = sourcecode.swift; path = ViewController.swift; sourceTree = "<group>"; };
		934A830A1EF0DB16003FE06A /* Base */ = {isa = PBXFileReference; lastKnownFileType = file.storyboard; name = Base; path = Base.lproj/Main.storyboard; sourceTree = "<group>"; };
		934A830C1EF0DB16003FE06A /* Assets.xcassets */ = {isa = PBXFileReference; lastKnownFileType = folder.assetcatalog; path = Assets.xcassets; sourceTree = "<group>"; };
		934A830F1EF0DB16003FE06A /* Base */ = {isa = PBXFileReference; lastKnownFileType = file.storyboard; name = Base; path = Base.lproj/LaunchScreen.storyboard; sourceTree = "<group>"; };
		934A83111EF0DB16003FE06A /* Info.plist */ = {isa = PBXFileReference; lastKnownFileType = text.plist.xml; path = Info.plist; sourceTree = "<group>"; };
		934A831B1EF0DE0E003FE06A /* BubbleView.swift */ = {isa = PBXFileReference; fileEncoding = 4; lastKnownFileType = sourcecode.swift; path = BubbleView.swift; sourceTree = "<group>"; };
/* End PBXFileReference section */

/* Begin PBXFrameworksBuildPhase section */
		934A82FF1EF0DB16003FE06A /* Frameworks */ = {
			isa = PBXFrameworksBuildPhase;
			buildActionMask = 2147483647;
			files = (
			);
			runOnlyForDeploymentPostprocessing = 0;
		};
/* End PBXFrameworksBuildPhase section */

/* Begin PBXGroup section */
		934A82F91EF0DB16003FE06A = {
			isa = PBXGroup;
			children = (
				934A83041EF0DB16003FE06A /* CoachMarksExample */,
				934A83031EF0DB16003FE06A /* Products */,
			);
			sourceTree = "<group>";
		};
		934A83031EF0DB16003FE06A /* Products */ = {
			isa = PBXGroup;
			children = (
				934A83021EF0DB16003FE06A /* CoachMarksExample.app */,
			);
			name = Products;
			sourceTree = "<group>";
		};
		934A83041EF0DB16003FE06A /* CoachMarksExample */ = {
			isa = PBXGroup;
			children = (
				934A83051EF0DB16003FE06A /* AppDelegate.swift */,
				934A831B1EF0DE0E003FE06A /* BubbleView.swift */,
				934A83071EF0DB16003FE06A /* ViewController.swift */,
				934A83091EF0DB16003FE06A /* Main.storyboard */,
				934A830C1EF0DB16003FE06A /* Assets.xcassets */,
				934A830E1EF0DB16003FE06A /* LaunchScreen.storyboard */,
				934A83111EF0DB16003FE06A /* Info.plist */,
			);
			path = CoachMarksExample;
			sourceTree = "<group>";
		};
/* End PBXGroup section */

/* Begin PBXNativeTarget section */
		934A83011EF0DB16003FE06A /* CoachMarksExample */ = {
			isa = PBXNativeTarget;
			buildConfigurationList = 934A83141EF0DB16003FE06A /* Build configuration list for PBXNativeTarget "CoachMarksExample" */;
			buildPhases = (
				934A82FE1EF0DB16003FE06A /* Sources */,
				934A82FF1EF0DB16003FE06A /* Frameworks */,
				934A83001EF0DB16003FE06A /* Resources */,
			);
			buildRules = (
			);
			dependencies = (
			);
			name = CoachMarksExample;
			productName = CoachMarksExample;
			productReference = 934A83021EF0DB16003FE06A /* CoachMarksExample.app */;
			productType = "com.apple.product-type.application";
		};
/* End PBXNativeTarget section */

/* Begin PBXProject section */
		934A82FA1EF0DB16003FE06A /* Project object */ = {
			isa = PBXProject;
			attributes = {
				LastSwiftUpdateCheck = 0810;
				LastUpgradeCheck = 0810;
				ORGANIZATIONNAME = "Darin Doria";
				TargetAttributes = {
					934A83011EF0DB16003FE06A = {
						CreatedOnToolsVersion = 8.1;
						DevelopmentTeam = E666Y9RBZF;
						ProvisioningStyle = Automatic;
					};
				};
			};
			buildConfigurationList = 934A82FD1EF0DB16003FE06A /* Build configuration list for PBXProject "CoachMarksExample" */;
			compatibilityVersion = "Xcode 3.2";
			developmentRegion = English;
			hasScannedForEncodings = 0;
			knownRegions = (
				en,
				Base,
			);
			mainGroup = 934A82F91EF0DB16003FE06A;
			productRefGroup = 934A83031EF0DB16003FE06A /* Products */;
			projectDirPath = "";
			projectRoot = "";
			targets = (
				934A83011EF0DB16003FE06A /* CoachMarksExample */,
			);
		};
/* End PBXProject section */

/* Begin PBXResourcesBuildPhase section */
		934A83001EF0DB16003FE06A /* Resources */ = {
			isa = PBXResourcesBuildPhase;
			buildActionMask = 2147483647;
			files = (
				934A83101EF0DB16003FE06A /* LaunchScreen.storyboard in Resources */,
				934A830D1EF0DB16003FE06A /* Assets.xcassets in Resources */,
				934A830B1EF0DB16003FE06A /* Main.storyboard in Resources */,
			);
			runOnlyForDeploymentPostprocessing = 0;
		};
/* End PBXResourcesBuildPhase section */

/* Begin PBXSourcesBuildPhase section */
		934A82FE1EF0DB16003FE06A /* Sources */ = {
			isa = PBXSourcesBuildPhase;
			buildActionMask = 2147483647;
			files = (
				934A831C1EF0DE0E003FE06A /* BubbleView.swift in Sources */,
				934A83081EF0DB16003FE06A /* ViewController.swift in Sources */,
				934A83061EF0DB16003FE06A /* AppDelegate.swift in Sources */,
			);
			runOnlyForDeploymentPostprocessing = 0;
		};
/* End PBXSourcesBuildPhase section */

/* Begin PBXVariantGroup section */
		934A83091EF0DB16003FE06A /* Main.storyboard */ = {
			isa = PBXVariantGroup;
			children = (
				934A830A1EF0DB16003FE06A /* Base */,
			);
			name = Main.storyboard;
			sourceTree = "<group>";
		};
		934A830E1EF0DB16003FE06A /* LaunchScreen.storyboard */ = {
			isa = PBXVariantGroup;
			children = (
				934A830F1EF0DB16003FE06A /* Base */,
			);
			name = LaunchScreen.storyboard;
			sourceTree = "<group>";
		};
/* End PBXVariantGroup section */

/* Begin XCBuildConfiguration section */
		934A83121EF0DB16003FE06A /* Debug */ = {
			isa = XCBuildConfiguration;
			buildSettings = {
				ALWAYS_SEARCH_USER_PATHS = NO;
				CLANG_ANALYZER_NONNULL = YES;
				CLANG_CXX_LANGUAGE_STANDARD = "gnu++0x";
				CLANG_CXX_LIBRARY = "libc++";
				CLANG_ENABLE_MODULES = YES;
				CLANG_ENABLE_OBJC_ARC = YES;
				CLANG_WARN_BOOL_CONVERSION = YES;
				CLANG_WARN_CONSTANT_CONVERSION = YES;
				CLANG_WARN_DIRECT_OBJC_ISA_USAGE = YES_ERROR;
				CLANG_WARN_DOCUMENTATION_COMMENTS = YES;
				CLANG_WARN_EMPTY_BODY = YES;
				CLANG_WARN_ENUM_CONVERSION = YES;
				CLANG_WARN_INFINITE_RECURSION = YES;
				CLANG_WARN_INT_CONVERSION = YES;
				CLANG_WARN_OBJC_ROOT_CLASS = YES_ERROR;
				CLANG_WARN_SUSPICIOUS_MOVES = YES;
				CLANG_WARN_UNREACHABLE_CODE = YES;
				CLANG_WARN__DUPLICATE_METHOD_MATCH = YES;
				"CODE_SIGN_IDENTITY[sdk=iphoneos*]" = "iPhone Developer";
				COPY_PHASE_STRIP = NO;
				DEBUG_INFORMATION_FORMAT = dwarf;
				ENABLE_STRICT_OBJC_MSGSEND = YES;
				ENABLE_TESTABILITY = YES;
				GCC_C_LANGUAGE_STANDARD = gnu99;
				GCC_DYNAMIC_NO_PIC = NO;
				GCC_NO_COMMON_BLOCKS = YES;
				GCC_OPTIMIZATION_LEVEL = 0;
				GCC_PREPROCESSOR_DEFINITIONS = (
					"DEBUG=1",
					"$(inherited)",
				);
				GCC_WARN_64_TO_32_BIT_CONVERSION = YES;
				GCC_WARN_ABOUT_RETURN_TYPE = YES_ERROR;
				GCC_WARN_UNDECLARED_SELECTOR = YES;
				GCC_WARN_UNINITIALIZED_AUTOS = YES_AGGRESSIVE;
				GCC_WARN_UNUSED_FUNCTION = YES;
				GCC_WARN_UNUSED_VARIABLE = YES;
				IPHONEOS_DEPLOYMENT_TARGET = 10.1;
				MTL_ENABLE_DEBUG_INFO = YES;
				ONLY_ACTIVE_ARCH = YES;
				SDKROOT = iphoneos;
				SWIFT_ACTIVE_COMPILATION_CONDITIONS = DEBUG;
				SWIFT_OPTIMIZATION_LEVEL = "-Onone";
				TARGETED_DEVICE_FAMILY = "1,2";
			};
			name = Debug;
		};
		934A83131EF0DB16003FE06A /* Release */ = {
			isa = XCBuildConfiguration;
			buildSettings = {
				ALWAYS_SEARCH_USER_PATHS = NO;
				CLANG_ANALYZER_NONNULL = YES;
				CLANG_CXX_LANGUAGE_STANDARD = "gnu++0x";
				CLANG_CXX_LIBRARY = "libc++";
				CLANG_ENABLE_MODULES = YES;
				CLANG_ENABLE_OBJC_ARC = YES;
				CLANG_WARN_BOOL_CONVERSION = YES;
				CLANG_WARN_CONSTANT_CONVERSION = YES;
				CLANG_WARN_DIRECT_OBJC_ISA_USAGE = YES_ERROR;
				CLANG_WARN_DOCUMENTATION_COMMENTS = YES;
				CLANG_WARN_EMPTY_BODY = YES;
				CLANG_WARN_ENUM_CONVERSION = YES;
				CLANG_WARN_INFINITE_RECURSION = YES;
				CLANG_WARN_INT_CONVERSION = YES;
				CLANG_WARN_OBJC_ROOT_CLASS = YES_ERROR;
				CLANG_WARN_SUSPICIOUS_MOVES = YES;
				CLANG_WARN_UNREACHABLE_CODE = YES;
				CLANG_WARN__DUPLICATE_METHOD_MATCH = YES;
				"CODE_SIGN_IDENTITY[sdk=iphoneos*]" = "iPhone Developer";
				COPY_PHASE_STRIP = NO;
				DEBUG_INFORMATION_FORMAT = "dwarf-with-dsym";
				ENABLE_NS_ASSERTIONS = NO;
				ENABLE_STRICT_OBJC_MSGSEND = YES;
				GCC_C_LANGUAGE_STANDARD = gnu99;
				GCC_NO_COMMON_BLOCKS = YES;
				GCC_WARN_64_TO_32_BIT_CONVERSION = YES;
				GCC_WARN_ABOUT_RETURN_TYPE = YES_ERROR;
				GCC_WARN_UNDECLARED_SELECTOR = YES;
				GCC_WARN_UNINITIALIZED_AUTOS = YES_AGGRESSIVE;
				GCC_WARN_UNUSED_FUNCTION = YES;
				GCC_WARN_UNUSED_VARIABLE = YES;
				IPHONEOS_DEPLOYMENT_TARGET = 10.1;
				MTL_ENABLE_DEBUG_INFO = NO;
				SDKROOT = iphoneos;
				SWIFT_OPTIMIZATION_LEVEL = "-Owholemodule";
				TARGETED_DEVICE_FAMILY = "1,2";
				VALIDATE_PRODUCT = YES;
			};
			name = Release;
		};
		934A83151EF0DB16003FE06A /* Debug */ = {
			isa = XCBuildConfiguration;
			buildSettings = {
				ASSETCATALOG_COMPILER_APPICON_NAME = AppIcon;
				DEVELOPMENT_TEAM = E666Y9RBZF;
				INFOPLIST_FILE = CoachMarksExample/Info.plist;
				LD_RUNPATH_SEARCH_PATHS = "$(inherited) @executable_path/Frameworks";
				PRODUCT_BUNDLE_IDENTIFIER = com.ddoria921.CoachMarksExample;
				PRODUCT_NAME = "$(TARGET_NAME)";
				SWIFT_VERSION = 3.0;
			};
			name = Debug;
		};
		934A83161EF0DB16003FE06A /* Release */ = {
			isa = XCBuildConfiguration;
			buildSettings = {
				ASSETCATALOG_COMPILER_APPICON_NAME = AppIcon;
				DEVELOPMENT_TEAM = E666Y9RBZF;
				INFOPLIST_FILE = CoachMarksExample/Info.plist;
				LD_RUNPATH_SEARCH_PATHS = "$(inherited) @executable_path/Frameworks";
				PRODUCT_BUNDLE_IDENTIFIER = com.ddoria921.CoachMarksExample;
				PRODUCT_NAME = "$(TARGET_NAME)";
				SWIFT_VERSION = 3.0;
			};
			name = Release;
		};
/* End XCBuildConfiguration section */

/* Begin XCConfigurationList section */
		934A82FD1EF0DB16003FE06A /* Build configuration list for PBXProject "CoachMarksExample" */ = {
			isa = XCConfigurationList;
			buildConfigurations = (
				934A83121EF0DB16003FE06A /* Debug */,
				934A83131EF0DB16003FE06A /* Release */,
			);
			defaultConfigurationIsVisible = 0;
			defaultConfigurationName = Release;
		};
		934A83141EF0DB16003FE06A /* Build configuration list for PBXNativeTarget "CoachMarksExample" */ = {
			isa = XCConfigurationList;
			buildConfigurations = (
				934A83151EF0DB16003FE06A /* Debug */,
				934A83161EF0DB16003FE06A /* Release */,
			);
			defaultConfigurationIsVisible = 0;
		};
/* End XCConfigurationList section */
	};
	rootObject = 934A82FA1EF0DB16003FE06A /* Project object */;
}
